<?xml version="1.0" encoding="utf-8"?>
<Project ToolsVersion="4.0" xmlns="http://schemas.microsoft.com/developer/msbuild/2003">
  <ItemGroup>
    <ClCompile Include="ofxNDI\src\ofxNDIreceive.cpp">
      <Filter>ofxNDI</Filter>
    </ClCompile>
    <ClCompile Include="ofxNDI\src\ofxNDIutils.cpp">
      <Filter>ofxNDI</Filter>
    </ClCompile>
    <ClCompile Include="MagicNDIreceiver.cpp" />
    <ClCompile Include="ofxNDI\src\ofxNDIdynloader.cpp">
      <Filter>ofxNDI</Filter>
    </ClCompile>
    <ClCompile Include="SpoutGL\SpoutGLextensions.cpp">
      <Filter>SpoutGL</Filter>
    </ClCompile>
  </ItemGroup>
  <ItemGroup>
    <Filter Include="ofxNDI">
      <UniqueIdentifier>{83f66358-9729-4263-9e4d-bed522a7b292}</UniqueIdentifier>
    </Filter>
    <Filter Include="SpoutGL">
      <UniqueIdentifier>{62d02535-15ce-4b82-879c-ba227ee6c3f0}</UniqueIdentifier>
    </Filter>
  </ItemGroup>
  <ItemGroup>
    <ClInclude Include="ofxNDI\src\ofxNDIreceive.h">
      <Filter>ofxNDI</Filter>
    </ClInclude>
    <ClInclude Include="ofxNDI\src\ofxNDIutils.h">
      <Filter>ofxNDI</Filter>
    </ClInclude>
    <ClInclude Include="MagicModule.h" />
    <ClInclude Include="ofxNDI\src\ofxNDIdynloader.h">
      <Filter>ofxNDI</Filter>
    </ClInclude>
    <ClInclude Include="ofxNDI\src\ofxNDIplatforms.h">
      <Filter>ofxNDI</Filter>
    </ClInclude>
    <ClInclude Include="SpoutGL\SpoutGLextensions.h">
      <Filter>SpoutGL</Filter>
    </ClInclude>
  </ItemGroup>
</Project>